
Microsoft Visual Studio Solution File, Format Version 12.00
# Visual Studio Version 17
VisualStudioVersion = 17.0.31919.166
MinimumVisualStudioVersion = 10.0.40219.1
Project("{FAE04EC0-301F-11D3-BF4B-00C04F79EFBC}") = "MYAZ201.nTierDAL", "MYAZ201.nTierDAL\MYAZ201.nTierDAL.csproj", "{B5434397-6C83-452B-B502-0E34256930D5}"
EndProject
Project("{FAE04EC0-301F-11D3-BF4B-00C04F79EFBC}") = "MYAZ201.nTier.Business", "MYAZ201.nTier.Business\MYAZ201.nTier.Business.csproj", "{A0221AA7-918E-49A8-9763-A1A833026009}"
EndProject
Project("{FAE04EC0-301F-11D3-BF4B-00C04F79EFBC}") = "MYAZ201.nTier.MVCApp", "MYAZ201.nTier.MVCApp\MYAZ201.nTier.MVCApp.csproj", "{CF4F0FC9-AE28-4F92-8F6B-243F1A40CD6D}"
EndProject
Project("{FAE04EC0-301F-11D3-BF4B-00C04F79EFBC}") = "MYAZ201.nTier.RazorPagesApp", "MYAZ201.nTier.RazorPagesApp\MYAZ201.nTier.RazorPagesApp.csproj", "{560F4404-64DE-45B3-865B-63246E887642}"
EndProject
Project("{FAE04EC0-301F-11D3-BF4B-00C04F79EFBC}") = "MYAZ201.nTier.WebApiApp", "MYAZ201.nTier.WebApiApp\MYAZ201.nTier.WebApiApp.csproj", "{70DFEF4F-5CA9-4C64-8843-413573A2A1D9}"
EndProject
Project("{FAE04EC0-301F-11D3-BF4B-00C04F79EFBC}") = "MYAZ201.nTier.ConsoleApp", "MYAZ201.nTier.ConsoleApp\MYAZ201.nTier.ConsoleApp.csproj", "{BD4D53F3-94FB-4E3C-81B5-09F243ADE306}"
EndProject
Global
	GlobalSection(SolutionConfigurationPlatforms) = preSolution
		Debug|Any CPU = Debug|Any CPU
		Release|Any CPU = Release|Any CPU
	EndGlobalSection
	GlobalSection(ProjectConfigurationPlatforms) = postSolution
		{B5434397-6C83-452B-B502-0E34256930D5}.Debug|Any CPU.ActiveCfg = Debug|Any CPU
		{B5434397-6C83-452B-B502-0E34256930D5}.Debug|Any CPU.Build.0 = Debug|Any CPU
		{B5434397-6C83-452B-B502-0E34256930D5}.Release|Any CPU.ActiveCfg = Release|Any CPU
		{B5434397-6C83-452B-B502-0E34256930D5}.Release|Any CPU.Build.0 = Release|Any CPU
		{A0221AA7-918E-49A8-9763-A1A833026009}.Debug|Any CPU.ActiveCfg = Debug|Any CPU
		{A0221AA7-918E-49A8-9763-A1A833026009}.Debug|Any CPU.Build.0 = Debug|Any CPU
		{A0221AA7-918E-49A8-9763-A1A833026009}.Release|Any CPU.ActiveCfg = Release|Any CPU
		{A0221AA7-918E-49A8-9763-A1A833026009}.Release|Any CPU.Build.0 = Release|Any CPU
		{CF4F0FC9-AE28-4F92-8F6B-243F1A40CD6D}.Debug|Any CPU.ActiveCfg = Debug|Any CPU
		{CF4F0FC9-AE28-4F92-8F6B-243F1A40CD6D}.Debug|Any CPU.Build.0 = Debug|Any CPU
		{CF4F0FC9-AE28-4F92-8F6B-243F1A40CD6D}.Release|Any CPU.ActiveCfg = Release|Any CPU
		{CF4F0FC9-AE28-4F92-8F6B-243F1A40CD6D}.Release|Any CPU.Build.0 = Release|Any CPU
		{560F4404-64DE-45B3-865B-63246E887642}.Debug|Any CPU.ActiveCfg = Debug|Any CPU
		{560F4404-64DE-45B3-865B-63246E887642}.Debug|Any CPU.Build.0 = Debug|Any CPU
		{560F4404-64DE-45B3-865B-63246E887642}.Release|Any CPU.ActiveCfg = Release|Any CPU
		{560F4404-64DE-45B3-865B-63246E887642}.Release|Any CPU.Build.0 = Release|Any CPU
		{70DFEF4F-5CA9-4C64-8843-413573A2A1D9}.Debug|Any CPU.ActiveCfg = Debug|Any CPU
		{70DFEF4F-5CA9-4C64-8843-413573A2A1D9}.Debug|Any CPU.Build.0 = Debug|Any CPU
		{70DFEF4F-5CA9-4C64-8843-413573A2A1D9}.Release|Any CPU.ActiveCfg = Release|Any CPU
		{70DFEF4F-5CA9-4C64-8843-413573A2A1D9}.Release|Any CPU.Build.0 = Release|Any CPU
		{BD4D53F3-94FB-4E3C-81B5-09F243ADE306}.Debug|Any CPU.ActiveCfg = Debug|Any CPU
		{BD4D53F3-94FB-4E3C-81B5-09F243ADE306}.Debug|Any CPU.Build.0 = Debug|Any CPU
		{BD4D53F3-94FB-4E3C-81B5-09F243ADE306}.Release|Any CPU.ActiveCfg = Release|Any CPU
		{BD4D53F3-94FB-4E3C-81B5-09F243ADE306}.Release|Any CPU.Build.0 = Release|Any CPU
	EndGlobalSection
	GlobalSection(SolutionProperties) = preSolution
		HideSolutionNode = FALSE
	EndGlobalSection
	GlobalSection(ExtensibilityGlobals) = postSolution
		SolutionGuid = {7244646F-3104-4346-A9D7-44DD94CEAB6E}
	EndGlobalSection
EndGlobal
